
Microsoft Visual Studio Solution File, Format Version 10.00
# Visual Studio 2008
Project("{8BC9CEB8-8B4A-11D0-8D11-00A0C91BC942}") = "FingerMill", "FingerMill\FingerMill.vcproj", "{C7D907F4-E157-4A08-AD81-6A414A360C01}"
EndProject
Global
	GlobalSection(SolutionConfigurationPlatforms) = preSolution
		Debug|M8SDK (ARMV4I) = Debug|M8SDK (ARMV4I)
		Release|M8SDK (ARMV4I) = Release|M8SDK (ARMV4I)
	EndGlobalSection
	GlobalSection(ProjectConfigurationPlatforms) = postSolution
		{C7D907F4-E157-4A08-AD81-6A414A360C01}.Debug|M8SDK (ARMV4I).ActiveCfg = Debug|M8SDK (ARMV4I)
		{C7D907F4-E157-4A08-AD81-6A414A360C01}.Debug|M8SDK (ARMV4I).Build.0 = Debug|M8SDK (ARMV4I)
		{C7D907F4-E157-4A08-AD81-6A414A360C01}.Debug|M8SDK (ARMV4I).Deploy.0 = Debug|M8SDK (ARMV4I)
		{C7D907F4-E157-4A08-AD81-6A414A360C01}.Release|M8SDK (ARMV4I).ActiveCfg = Release|M8SDK (ARMV4I)
		{C7D907F4-E157-4A08-AD81-6A414A360C01}.Release|M8SDK (ARMV4I).Build.0 = Release|M8SDK (ARMV4I)
		{C7D907F4-E157-4A08-AD81-6A414A360C01}.Release|M8SDK (ARMV4I).Deploy.0 = Release|M8SDK (ARMV4I)
	EndGlobalSection
	GlobalSection(SolutionProperties) = preSolution
		HideSolutionNode = FALSE
	EndGlobalSection
EndGlobal
